// !$*UTF8*$!
{
	archiveVersion = 1;
	classes = {
	};
	objectVersion = 50;
	objects = {

/* Begin PBXBuildFile section */
		000B7F1E25D56496004A6344 /* AppDelegate.swift in Sources */ = {isa = PBXBuildFile; fileRef = 000B7F1D25D56496004A6344 /* AppDelegate.swift */; };
		000B7F2025D56496004A6344 /* SceneDelegate.swift in Sources */ = {isa = PBXBuildFile; fileRef = 000B7F1F25D56496004A6344 /* SceneDelegate.swift */; };
		000B7F2225D56496004A6344 /* ViewController.swift in Sources */ = {isa = PBXBuildFile; fileRef = 000B7F2125D56496004A6344 /* ViewController.swift */; };
		000B7F2525D56496004A6344 /* Main.storyboard in Resources */ = {isa = PBXBuildFile; fileRef = 000B7F2325D56496004A6344 /* Main.storyboard */; };
		000B7F2825D56496004A6344 /* GW2Assistant.xcdatamodeld in Sources */ = {isa = PBXBuildFile; fileRef = 000B7F2625D56496004A6344 /* GW2Assistant.xcdatamodeld */; };
		000B7F2A25D56498004A6344 /* Assets.xcassets in Resources */ = {isa = PBXBuildFile; fileRef = 000B7F2925D56498004A6344 /* Assets.xcassets */; };
		000B7F2D25D56498004A6344 /* LaunchScreen.storyboard in Resources */ = {isa = PBXBuildFile; fileRef = 000B7F2B25D56498004A6344 /* LaunchScreen.storyboard */; };
		000B7F3825D56498004A6344 /* GW2AssistantTests.swift in Sources */ = {isa = PBXBuildFile; fileRef = 000B7F3725D56498004A6344 /* GW2AssistantTests.swift */; };
		000B7F4325D56498004A6344 /* GW2AssistantUITests.swift in Sources */ = {isa = PBXBuildFile; fileRef = 000B7F4225D56498004A6344 /* GW2AssistantUITests.swift */; };
/* End PBXBuildFile section */

/* Begin PBXContainerItemProxy section */
		000B7F3425D56498004A6344 /* PBXContainerItemProxy */ = {
			isa = PBXContainerItemProxy;
			containerPortal = 000B7F1225D56496004A6344 /* Project object */;
			proxyType = 1;
			remoteGlobalIDString = 000B7F1925D56496004A6344;
			remoteInfo = GW2Assistant;
		};
		000B7F3F25D56498004A6344 /* PBXContainerItemProxy */ = {
			isa = PBXContainerItemProxy;
			containerPortal = 000B7F1225D56496004A6344 /* Project object */;
			proxyType = 1;
			remoteGlobalIDString = 000B7F1925D56496004A6344;
			remoteInfo = GW2Assistant;
		};
/* End PBXContainerItemProxy section */

/* Begin PBXFileReference section */
		000B7F1A25D56496004A6344 /* GW2Assistant.app */ = {isa = PBXFileReference; explicitFileType = wrapper.application; includeInIndex = 0; path = GW2Assistant.app; sourceTree = BUILT_PRODUCTS_DIR; };
		000B7F1D25D56496004A6344 /* AppDelegate.swift */ = {isa = PBXFileReference; lastKnownFileType = sourcecode.swift; path = AppDelegate.swift; sourceTree = "<group>"; };
		000B7F1F25D56496004A6344 /* SceneDelegate.swift */ = {isa = PBXFileReference; lastKnownFileType = sourcecode.swift; path = SceneDelegate.swift; sourceTree = "<group>"; };
		000B7F2125D56496004A6344 /* ViewController.swift */ = {isa = PBXFileReference; lastKnownFileType = sourcecode.swift; path = ViewController.swift; sourceTree = "<group>"; };
		000B7F2425D56496004A6344 /* Base */ = {isa = PBXFileReference; lastKnownFileType = file.storyboard; name = Base; path = Base.lproj/Main.storyboard; sourceTree = "<group>"; };
		000B7F2725D56496004A6344 /* GW2Assistant.xcdatamodel */ = {isa = PBXFileReference; lastKnownFileType = wrapper.xcdatamodel; path = GW2Assistant.xcdatamodel; sourceTree = "<group>"; };
		000B7F2925D56498004A6344 /* Assets.xcassets */ = {isa = PBXFileReference; lastKnownFileType = folder.assetcatalog; path = Assets.xcassets; sourceTree = "<group>"; };
		000B7F2C25D56498004A6344 /* Base */ = {isa = PBXFileReference; lastKnownFileType = file.storyboard; name = Base; path = Base.lproj/LaunchScreen.storyboard; sourceTree = "<group>"; };
		000B7F2E25D56498004A6344 /* Info.plist */ = {isa = PBXFileReference; lastKnownFileType = text.plist.xml; path = Info.plist; sourceTree = "<group>"; };
		000B7F3325D56498004A6344 /* GW2AssistantTests.xctest */ = {isa = PBXFileReference; explicitFileType = wrapper.cfbundle; includeInIndex = 0; path = GW2AssistantTests.xctest; sourceTree = BUILT_PRODUCTS_DIR; };
		000B7F3725D56498004A6344 /* GW2AssistantTests.swift */ = {isa = PBXFileReference; lastKnownFileType = sourcecode.swift; path = GW2AssistantTests.swift; sourceTree = "<group>"; };
		000B7F3925D56498004A6344 /* Info.plist */ = {isa = PBXFileReference; lastKnownFileType = text.plist.xml; path = Info.plist; sourceTree = "<group>"; };
		000B7F3E25D56498004A6344 /* GW2AssistantUITests.xctest */ = {isa = PBXFileReference; explicitFileType = wrapper.cfbundle; includeInIndex = 0; path = GW2AssistantUITests.xctest; sourceTree = BUILT_PRODUCTS_DIR; };
		000B7F4225D56498004A6344 /* GW2AssistantUITests.swift */ = {isa = PBXFileReference; lastKnownFileType = sourcecode.swift; path = GW2AssistantUITests.swift; sourceTree = "<group>"; };
		000B7F4425D56498004A6344 /* Info.plist */ = {isa = PBXFileReference; lastKnownFileType = text.plist.xml; path = Info.plist; sourceTree = "<group>"; };
/* End PBXFileReference section */

/* Begin PBXFrameworksBuildPhase section */
		000B7F1725D56496004A6344 /* Frameworks */ = {
			isa = PBXFrameworksBuildPhase;
			buildActionMask = 2147483647;
			files = (
			);
			runOnlyForDeploymentPostprocessing = 0;
		};
		000B7F3025D56498004A6344 /* Frameworks */ = {
			isa = PBXFrameworksBuildPhase;
			buildActionMask = 2147483647;
			files = (
			);
			runOnlyForDeploymentPostprocessing = 0;
		};
		000B7F3B25D56498004A6344 /* Frameworks */ = {
			isa = PBXFrameworksBuildPhase;
			buildActionMask = 2147483647;
			files = (
			);
			runOnlyForDeploymentPostprocessing = 0;
		};
/* End PBXFrameworksBuildPhase section */

/* Begin PBXGroup section */
		000B7F1125D56496004A6344 = {
			isa = PBXGroup;
			children = (
				000B7F1C25D56496004A6344 /* GW2Assistant */,
				000B7F3625D56498004A6344 /* GW2AssistantTests */,
				000B7F4125D56498004A6344 /* GW2AssistantUITests */,
				000B7F1B25D56496004A6344 /* Products */,
			);
			sourceTree = "<group>";
		};
		000B7F1B25D56496004A6344 /* Products */ = {
			isa = PBXGroup;
			children = (
				000B7F1A25D56496004A6344 /* GW2Assistant.app */,
				000B7F3325D56498004A6344 /* GW2AssistantTests.xctest */,
				000B7F3E25D56498004A6344 /* GW2AssistantUITests.xctest */,
			);
			name = Products;
			sourceTree = "<group>";
		};
		000B7F1C25D56496004A6344 /* GW2Assistant */ = {
			isa = PBXGroup;
			children = (
				000B7F1D25D56496004A6344 /* AppDelegate.swift */,
				000B7F1F25D56496004A6344 /* SceneDelegate.swift */,
				000B7F2125D56496004A6344 /* ViewController.swift */,
				000B7F2325D56496004A6344 /* Main.storyboard */,
				000B7F2925D56498004A6344 /* Assets.xcassets */,
				000B7F2B25D56498004A6344 /* LaunchScreen.storyboard */,
				000B7F2E25D56498004A6344 /* Info.plist */,
				000B7F2625D56496004A6344 /* GW2Assistant.xcdatamodeld */,
			);
			path = GW2Assistant;
			sourceTree = "<group>";
		};
		000B7F3625D56498004A6344 /* GW2AssistantTests */ = {
			isa = PBXGroup;
			children = (
				000B7F3725D56498004A6344 /* GW2AssistantTests.swift */,
				000B7F3925D56498004A6344 /* Info.plist */,
			);
			path = GW2AssistantTests;
			sourceTree = "<group>";
		};
		000B7F4125D56498004A6344 /* GW2AssistantUITests */ = {
			isa = PBXGroup;
			children = (
				000B7F4225D56498004A6344 /* GW2AssistantUITests.swift */,
				000B7F4425D56498004A6344 /* Info.plist */,
			);
			path = GW2AssistantUITests;
			sourceTree = "<group>";
		};
/* End PBXGroup section */

/* Begin PBXNativeTarget section */
		000B7F1925D56496004A6344 /* GW2Assistant */ = {
			isa = PBXNativeTarget;
			buildConfigurationList = 000B7F4725D56498004A6344 /* Build configuration list for PBXNativeTarget "GW2Assistant" */;
			buildPhases = (
				000B7F1625D56496004A6344 /* Sources */,
				000B7F1725D56496004A6344 /* Frameworks */,
				000B7F1825D56496004A6344 /* Resources */,
			);
			buildRules = (
			);
			dependencies = (
			);
			name = GW2Assistant;
			productName = GW2Assistant;
			productReference = 000B7F1A25D56496004A6344 /* GW2Assistant.app */;
			productType = "com.apple.product-type.application";
		};
		000B7F3225D56498004A6344 /* GW2AssistantTests */ = {
			isa = PBXNativeTarget;
			buildConfigurationList = 000B7F4A25D56498004A6344 /* Build configuration list for PBXNativeTarget "GW2AssistantTests" */;
			buildPhases = (
				000B7F2F25D56498004A6344 /* Sources */,
				000B7F3025D56498004A6344 /* Frameworks */,
				000B7F3125D56498004A6344 /* Resources */,
			);
			buildRules = (
			);
			dependencies = (
				000B7F3525D56498004A6344 /* PBXTargetDependency */,
			);
			name = GW2AssistantTests;
			productName = GW2AssistantTests;
			productReference = 000B7F3325D56498004A6344 /* GW2AssistantTests.xctest */;
			productType = "com.apple.product-type.bundle.unit-test";
		};
		000B7F3D25D56498004A6344 /* GW2AssistantUITests */ = {
			isa = PBXNativeTarget;
			buildConfigurationList = 000B7F4D25D56498004A6344 /* Build configuration list for PBXNativeTarget "GW2AssistantUITests" */;
			buildPhases = (
				000B7F3A25D56498004A6344 /* Sources */,
				000B7F3B25D56498004A6344 /* Frameworks */,
				000B7F3C25D56498004A6344 /* Resources */,
			);
			buildRules = (
			);
			dependencies = (
				000B7F4025D56498004A6344 /* PBXTargetDependency */,
			);
			name = GW2AssistantUITests;
			productName = GW2AssistantUITests;
			productReference = 000B7F3E25D56498004A6344 /* GW2AssistantUITests.xctest */;
			productType = "com.apple.product-type.bundle.ui-testing";
		};
/* End PBXNativeTarget section */

/* Begin PBXProject section */
		000B7F1225D56496004A6344 /* Project object */ = {
			isa = PBXProject;
			attributes = {
				LastSwiftUpdateCheck = 1220;
				LastUpgradeCheck = 1220;
				TargetAttributes = {
					000B7F1925D56496004A6344 = {
						CreatedOnToolsVersion = 12.2;
					};
					000B7F3225D56498004A6344 = {
						CreatedOnToolsVersion = 12.2;
						TestTargetID = 000B7F1925D56496004A6344;
					};
					000B7F3D25D56498004A6344 = {
						CreatedOnToolsVersion = 12.2;
						TestTargetID = 000B7F1925D56496004A6344;
					};
				};
			};
			buildConfigurationList = 000B7F1525D56496004A6344 /* Build configuration list for PBXProject "GW2Assistant" */;
			compatibilityVersion = "Xcode 9.3";
			developmentRegion = en;
			hasScannedForEncodings = 0;
			knownRegions = (
				en,
				Base,
			);
			mainGroup = 000B7F1125D56496004A6344;
			productRefGroup = 000B7F1B25D56496004A6344 /* Products */;
			projectDirPath = "";
			projectRoot = "";
			targets = (
				000B7F1925D56496004A6344 /* GW2Assistant */,
				000B7F3225D56498004A6344 /* GW2AssistantTests */,
				000B7F3D25D56498004A6344 /* GW2AssistantUITests */,
			);
		};
/* End PBXProject section */

/* Begin PBXResourcesBuildPhase section */
		000B7F1825D56496004A6344 /* Resources */ = {
			isa = PBXResourcesBuildPhase;
			buildActionMask = 2147483647;
			files = (
				000B7F2D25D56498004A6344 /* LaunchScreen.storyboard in Resources */,
				000B7F2A25D56498004A6344 /* Assets.xcassets in Resources */,
				000B7F2525D56496004A6344 /* Main.storyboard in Resources */,
			);
			runOnlyForDeploymentPostprocessing = 0;
		};
		000B7F3125D56498004A6344 /* Resources */ = {
			isa = PBXResourcesBuildPhase;
			buildActionMask = 2147483647;
			files = (
			);
			runOnlyForDeploymentPostprocessing = 0;
		};
		000B7F3C25D56498004A6344 /* Resources */ = {
			isa = PBXResourcesBuildPhase;
			buildActionMask = 2147483647;
			files = (
			);
			runOnlyForDeploymentPostprocessing = 0;
		};
/* End PBXResourcesBuildPhase section */

/* Begin PBXSourcesBuildPhase section */
		000B7F1625D56496004A6344 /* Sources */ = {
			isa = PBXSourcesBuildPhase;
			buildActionMask = 2147483647;
			files = (
				000B7F2225D56496004A6344 /* ViewController.swift in Sources */,
				000B7F1E25D56496004A6344 /* AppDelegate.swift in Sources */,
				000B7F2025D56496004A6344 /* SceneDelegate.swift in Sources */,
				000B7F2825D56496004A6344 /* GW2Assistant.xcdatamodeld in Sources */,
			);
			runOnlyForDeploymentPostprocessing = 0;
		};
		000B7F2F25D56498004A6344 /* Sources */ = {
			isa = PBXSourcesBuildPhase;
			buildActionMask = 2147483647;
			files = (
				000B7F3825D56498004A6344 /* GW2AssistantTests.swift in Sources */,
			);
			runOnlyForDeploymentPostprocessing = 0;
		};
		000B7F3A25D56498004A6344 /* Sources */ = {
			isa = PBXSourcesBuildPhase;
			buildActionMask = 2147483647;
			files = (
				000B7F4325D56498004A6344 /* GW2AssistantUITests.swift in Sources */,
			);
			runOnlyForDeploymentPostprocessing = 0;
		};
/* End PBXSourcesBuildPhase section */

/* Begin PBXTargetDependency section */
		000B7F3525D56498004A6344 /* PBXTargetDependency */ = {
			isa = PBXTargetDependency;
			target = 000B7F1925D56496004A6344 /* GW2Assistant */;
			targetProxy = 000B7F3425D56498004A6344 /* PBXContainerItemProxy */;
		};
		000B7F4025D56498004A6344 /* PBXTargetDependency */ = {
			isa = PBXTargetDependency;
			target = 000B7F1925D56496004A6344 /* GW2Assistant */;
			targetProxy = 000B7F3F25D56498004A6344 /* PBXContainerItemProxy */;
		};
/* End PBXTargetDependency section */

/* Begin PBXVariantGroup section */
		000B7F2325D56496004A6344 /* Main.storyboard */ = {
			isa = PBXVariantGroup;
			children = (
				000B7F2425D56496004A6344 /* Base */,
			);
			name = Main.storyboard;
			sourceTree = "<group>";
		};
		000B7F2B25D56498004A6344 /* LaunchScreen.storyboard */ = {
			isa = PBXVariantGroup;
			children = (
				000B7F2C25D56498004A6344 /* Base */,
			);
			name = LaunchScreen.storyboard;
			sourceTree = "<group>";
		};
/* End PBXVariantGroup section */

/* Begin XCBuildConfiguration section */
		000B7F4525D56498004A6344 /* Debug */ = {
			isa = XCBuildConfiguration;
			buildSettings = {
				ALWAYS_SEARCH_USER_PATHS = NO;
				CLANG_ANALYZER_NONNULL = YES;
				CLANG_ANALYZER_NUMBER_OBJECT_CONVERSION = YES_AGGRESSIVE;
				CLANG_CXX_LANGUAGE_STANDARD = "gnu++14";
				CLANG_CXX_LIBRARY = "libc++";
				CLANG_ENABLE_MODULES = YES;
				CLANG_ENABLE_OBJC_ARC = YES;
				CLANG_ENABLE_OBJC_WEAK = YES;
				CLANG_WARN_BLOCK_CAPTURE_AUTORELEASING = YES;
				CLANG_WARN_BOOL_CONVERSION = YES;
				CLANG_WARN_COMMA = YES;
				CLANG_WARN_CONSTANT_CONVERSION = YES;
				CLANG_WARN_DEPRECATED_OBJC_IMPLEMENTATIONS = YES;
				CLANG_WARN_DIRECT_OBJC_ISA_USAGE = YES_ERROR;
				CLANG_WARN_DOCUMENTATION_COMMENTS = YES;
				CLANG_WARN_EMPTY_BODY = YES;
				CLANG_WARN_ENUM_CONVERSION = YES;
				CLANG_WARN_INFINITE_RECURSION = YES;
				CLANG_WARN_INT_CONVERSION = YES;
				CLANG_WARN_NON_LITERAL_NULL_CONVERSION = YES;
				CLANG_WARN_OBJC_IMPLICIT_RETAIN_SELF = YES;
				CLANG_WARN_OBJC_LITERAL_CONVERSION = YES;
				CLANG_WARN_OBJC_ROOT_CLASS = YES_ERROR;
				CLANG_WARN_QUOTED_INCLUDE_IN_FRAMEWORK_HEADER = YES;
				CLANG_WARN_RANGE_LOOP_ANALYSIS = YES;
				CLANG_WARN_STRICT_PROTOTYPES = YES;
				CLANG_WARN_SUSPICIOUS_MOVE = YES;
				CLANG_WARN_UNGUARDED_AVAILABILITY = YES_AGGRESSIVE;
				CLANG_WARN_UNREACHABLE_CODE = YES;
				CLANG_WARN__DUPLICATE_METHOD_MATCH = YES;
				COPY_PHASE_STRIP = NO;
				DEBUG_INFORMATION_FORMAT = dwarf;
				ENABLE_STRICT_OBJC_MSGSEND = YES;
				ENABLE_TESTABILITY = YES;
				GCC_C_LANGUAGE_STANDARD = gnu11;
				GCC_DYNAMIC_NO_PIC = NO;
				GCC_NO_COMMON_BLOCKS = YES;
				GCC_OPTIMIZATION_LEVEL = 0;
				GCC_PREPROCESSOR_DEFINITIONS = (
					"DEBUG=1",
					"$(inherited)",
				);
				GCC_WARN_64_TO_32_BIT_CONVERSION = YES;
				GCC_WARN_ABOUT_RETURN_TYPE = YES_ERROR;
				GCC_WARN_UNDECLARED_SELECTOR = YES;
				GCC_WARN_UNINITIALIZED_AUTOS = YES_AGGRESSIVE;
				GCC_WARN_UNUSED_FUNCTION = YES;
				GCC_WARN_UNUSED_VARIABLE = YES;
				IPHONEOS_DEPLOYMENT_TARGET = 14.2;
				MTL_ENABLE_DEBUG_INFO = INCLUDE_SOURCE;
				MTL_FAST_MATH = YES;
				ONLY_ACTIVE_ARCH = YES;
				SDKROOT = iphoneos;
				SWIFT_ACTIVE_COMPILATION_CONDITIONS = DEBUG;
				SWIFT_OPTIMIZATION_LEVEL = "-Onone";
			};
			name = Debug;
		};
		000B7F4625D56498004A6344 /* Release */ = {
			isa = XCBuildConfiguration;
			buildSettings = {
				ALWAYS_SEARCH_USER_PATHS = NO;
				CLANG_ANALYZER_NONNULL = YES;
				CLANG_ANALYZER_NUMBER_OBJECT_CONVERSION = YES_AGGRESSIVE;
				CLANG_CXX_LANGUAGE_STANDARD = "gnu++14";
				CLANG_CXX_LIBRARY = "libc++";
				CLANG_ENABLE_MODULES = YES;
				CLANG_ENABLE_OBJC_ARC = YES;
				CLANG_ENABLE_OBJC_WEAK = YES;
				CLANG_WARN_BLOCK_CAPTURE_AUTORELEASING = YES;
				CLANG_WARN_BOOL_CONVERSION = YES;
				CLANG_WARN_COMMA = YES;
				CLANG_WARN_CONSTANT_CONVERSION = YES;
				CLANG_WARN_DEPRECATED_OBJC_IMPLEMENTATIONS = YES;
				CLANG_WARN_DIRECT_OBJC_ISA_USAGE = YES_ERROR;
				CLANG_WARN_DOCUMENTATION_COMMENTS = YES;
				CLANG_WARN_EMPTY_BODY = YES;
				CLANG_WARN_ENUM_CONVERSION = YES;
				CLANG_WARN_INFINITE_RECURSION = YES;
				CLANG_WARN_INT_CONVERSION = YES;
				CLANG_WARN_NON_LITERAL_NULL_CONVERSION = YES;
				CLANG_WARN_OBJC_IMPLICIT_RETAIN_SELF = YES;
				CLANG_WARN_OBJC_LITERAL_CONVERSION = YES;
				CLANG_WARN_OBJC_ROOT_CLASS = YES_ERROR;
				CLANG_WARN_QUOTED_INCLUDE_IN_FRAMEWORK_HEADER = YES;
				CLANG_WARN_RANGE_LOOP_ANALYSIS = YES;
				CLANG_WARN_STRICT_PROTOTYPES = YES;
				CLANG_WARN_SUSPICIOUS_MOVE = YES;
				CLANG_WARN_UNGUARDED_AVAILABILITY = YES_AGGRESSIVE;
				CLANG_WARN_UNREACHABLE_CODE = YES;
				CLANG_WARN__DUPLICATE_METHOD_MATCH = YES;
				COPY_PHASE_STRIP = NO;
				DEBUG_INFORMATION_FORMAT = "dwarf-with-dsym";
				ENABLE_NS_ASSERTIONS = NO;
				ENABLE_STRICT_OBJC_MSGSEND = YES;
				GCC_C_LANGUAGE_STANDARD = gnu11;
				GCC_NO_COMMON_BLOCKS = YES;
				GCC_WARN_64_TO_32_BIT_CONVERSION = YES;
				GCC_WARN_ABOUT_RETURN_TYPE = YES_ERROR;
				GCC_WARN_UNDECLARED_SELECTOR = YES;
				GCC_WARN_UNINITIALIZED_AUTOS = YES_AGGRESSIVE;
				GCC_WARN_UNUSED_FUNCTION = YES;
				GCC_WARN_UNUSED_VARIABLE = YES;
				IPHONEOS_DEPLOYMENT_TARGET = 14.2;
				MTL_ENABLE_DEBUG_INFO = NO;
				MTL_FAST_MATH = YES;
				SDKROOT = iphoneos;
				SWIFT_COMPILATION_MODE = wholemodule;
				SWIFT_OPTIMIZATION_LEVEL = "-O";
				VALIDATE_PRODUCT = YES;
			};
			name = Release;
		};
		000B7F4825D56498004A6344 /* Debug */ = {
			isa = XCBuildConfiguration;
			buildSettings = {
				ASSETCATALOG_COMPILER_APPICON_NAME = AppIcon;
				ASSETCATALOG_COMPILER_GLOBAL_ACCENT_COLOR_NAME = AccentColor;
				CODE_SIGN_STYLE = Automatic;
				DEVELOPMENT_TEAM = NL35JB8G2K;
				INFOPLIST_FILE = GW2Assistant/Info.plist;
				LD_RUNPATH_SEARCH_PATHS = (
					"$(inherited)",
					"@executable_path/Frameworks",
				);
				PRODUCT_BUNDLE_IDENTIFIER = chapolemos.GW2Assistant;
				PRODUCT_NAME = "$(TARGET_NAME)";
				SWIFT_VERSION = 5.0;
				TARGETED_DEVICE_FAMILY = "1,2";
			};
			name = Debug;
		};
		000B7F4925D56498004A6344 /* Release */ = {
			isa = XCBuildConfiguration;
			buildSettings = {
				ASSETCATALOG_COMPILER_APPICON_NAME = AppIcon;
				ASSETCATALOG_COMPILER_GLOBAL_ACCENT_COLOR_NAME = AccentColor;
				CODE_SIGN_STYLE = Automatic;
				DEVELOPMENT_TEAM = NL35JB8G2K;
				INFOPLIST_FILE = GW2Assistant/Info.plist;
				LD_RUNPATH_SEARCH_PATHS = (
					"$(inherited)",
					"@executable_path/Frameworks",
				);
				PRODUCT_BUNDLE_IDENTIFIER = chapolemos.GW2Assistant;
				PRODUCT_NAME = "$(TARGET_NAME)";
				SWIFT_VERSION = 5.0;
				TARGETED_DEVICE_FAMILY = "1,2";
			};
			name = Release;
		};
		000B7F4B25D56498004A6344 /* Debug */ = {
			isa = XCBuildConfiguration;
			buildSettings = {
				ALWAYS_EMBED_SWIFT_STANDARD_LIBRARIES = YES;
				BUNDLE_LOADER = "$(TEST_HOST)";
				CODE_SIGN_STYLE = Automatic;
				DEVELOPMENT_TEAM = NL35JB8G2K;
				INFOPLIST_FILE = GW2AssistantTests/Info.plist;
				IPHONEOS_DEPLOYMENT_TARGET = 14.2;
				LD_RUNPATH_SEARCH_PATHS = (
					"$(inherited)",
					"@executable_path/Frameworks",
					"@loader_path/Frameworks",
				);
				PRODUCT_BUNDLE_IDENTIFIER = chapolemos.GW2AssistantTests;
				PRODUCT_NAME = "$(TARGET_NAME)";
				SWIFT_VERSION = 5.0;
				TARGETED_DEVICE_FAMILY = "1,2";
				TEST_HOST = "$(BUILT_PRODUCTS_DIR)/GW2Assistant.app/GW2Assistant";
			};
			name = Debug;
		};
		000B7F4C25D56498004A6344 /* Release */ = {
			isa = XCBuildConfiguration;
			buildSettings = {
				ALWAYS_EMBED_SWIFT_STANDARD_LIBRARIES = YES;
				BUNDLE_LOADER = "$(TEST_HOST)";
				CODE_SIGN_STYLE = Automatic;
				DEVELOPMENT_TEAM = NL35JB8G2K;
				INFOPLIST_FILE = GW2AssistantTests/Info.plist;
				IPHONEOS_DEPLOYMENT_TARGET = 14.2;
				LD_RUNPATH_SEARCH_PATHS = (
					"$(inherited)",
					"@executable_path/Frameworks",
					"@loader_path/Frameworks",
				);
				PRODUCT_BUNDLE_IDENTIFIER = chapolemos.GW2AssistantTests;
				PRODUCT_NAME = "$(TARGET_NAME)";
				SWIFT_VERSION = 5.0;
				TARGETED_DEVICE_FAMILY = "1,2";
				TEST_HOST = "$(BUILT_PRODUCTS_DIR)/GW2Assistant.app/GW2Assistant";
			};
			name = Release;
		};
		000B7F4E25D56498004A6344 /* Debug */ = {
			isa = XCBuildConfiguration;
			buildSettings = {
				ALWAYS_EMBED_SWIFT_STANDARD_LIBRARIES = YES;
				CODE_SIGN_STYLE = Automatic;
				DEVELOPMENT_TEAM = NL35JB8G2K;
				INFOPLIST_FILE = GW2AssistantUITests/Info.plist;
				LD_RUNPATH_SEARCH_PATHS = (
					"$(inherited)",
					"@executable_path/Frameworks",
					"@loader_path/Frameworks",
				);
				PRODUCT_BUNDLE_IDENTIFIER = chapolemos.GW2AssistantUITests;
				PRODUCT_NAME = "$(TARGET_NAME)";
				SWIFT_VERSION = 5.0;
				TARGETED_DEVICE_FAMILY = "1,2";
				TEST_TARGET_NAME = GW2Assistant;
			};
			name = Debug;
		};
		000B7F4F25D56498004A6344 /* Release */ = {
			isa = XCBuildConfiguration;
			buildSettings = {
				ALWAYS_EMBED_SWIFT_STANDARD_LIBRARIES = YES;
				CODE_SIGN_STYLE = Automatic;
				DEVELOPMENT_TEAM = NL35JB8G2K;
				INFOPLIST_FILE = GW2AssistantUITests/Info.plist;
				LD_RUNPATH_SEARCH_PATHS = (
					"$(inherited)",
					"@executable_path/Frameworks",
					"@loader_path/Frameworks",
				);
				PRODUCT_BUNDLE_IDENTIFIER = chapolemos.GW2AssistantUITests;
				PRODUCT_NAME = "$(TARGET_NAME)";
				SWIFT_VERSION = 5.0;
				TARGETED_DEVICE_FAMILY = "1,2";
				TEST_TARGET_NAME = GW2Assistant;
			};
			name = Release;
		};
/* End XCBuildConfiguration section */

/* Begin XCConfigurationList section */
		000B7F1525D56496004A6344 /* Build configuration list for PBXProject "GW2Assistant" */ = {
			isa = XCConfigurationList;
			buildConfigurations = (
				000B7F4525D56498004A6344 /* Debug */,
				000B7F4625D56498004A6344 /* Release */,
			);
			defaultConfigurationIsVisible = 0;
			defaultConfigurationName = Release;
		};
		000B7F4725D56498004A6344 /* Build configuration list for PBXNativeTarget "GW2Assistant" */ = {
			isa = XCConfigurationList;
			buildConfigurations = (
				000B7F4825D56498004A6344 /* Debug */,
				000B7F4925D56498004A6344 /* Release */,
			);
			defaultConfigurationIsVisible = 0;
			defaultConfigurationName = Release;
		};
		000B7F4A25D56498004A6344 /* Build configuration list for PBXNativeTarget "GW2AssistantTests" */ = {
			isa = XCConfigurationList;
			buildConfigurations = (
				000B7F4B25D56498004A6344 /* Debug */,
				000B7F4C25D56498004A6344 /* Release */,
			);
			defaultConfigurationIsVisible = 0;
			defaultConfigurationName = Release;
		};
		000B7F4D25D56498004A6344 /* Build configuration list for PBXNativeTarget "GW2AssistantUITests" */ = {
			isa = XCConfigurationList;
			buildConfigurations = (
				000B7F4E25D56498004A6344 /* Debug */,
				000B7F4F25D56498004A6344 /* Release */,
			);
			defaultConfigurationIsVisible = 0;
			defaultConfigurationName = Release;
		};
/* End XCConfigurationList section */

/* Begin XCVersionGroup section */
		000B7F2625D56496004A6344 /* GW2Assistant.xcdatamodeld */ = {
			isa = XCVersionGroup;
			children = (
				000B7F2725D56496004A6344 /* GW2Assistant.xcdatamodel */,
			);
			currentVersion = 000B7F2725D56496004A6344 /* GW2Assistant.xcdatamodel */;
			path = GW2Assistant.xcdatamodeld;
			sourceTree = "<group>";
			versionGroupType = wrapper.xcdatamodel;
		};
/* End XCVersionGroup section */
	};
	rootObject = 000B7F1225D56496004A6344 /* Project object */;
}
